
Microsoft Visual Studio Solution File, Format Version 12.00
# Visual Studio 15
VisualStudioVersion = 15.0.28307.645
MinimumVisualStudioVersion = 10.0.40219.1
Project("{8BC9CEB8-8B4A-11D0-8D11-00A0C91BC942}") = "Playground", "Playground\Playground.vcxproj", "{FE9D21F6-2D4B-4F47-98B8-BB3818E877BA}"
	ProjectSection(ProjectDependencies) = postProject
		{137413B3-FC93-4613-8731-4BBA82252891} = {137413B3-FC93-4613-8731-4BBA82252891}
	EndProjectSection
EndProject
Project("{8BC9CEB8-8B4A-11D0-8D11-00A0C91BC942}") = "Argon", "Argon\Argon.vcxproj", "{137413B3-FC93-4613-8731-4BBA82252891}"
EndProject
Global
	GlobalSection(SolutionConfigurationPlatforms) = preSolution
		Debug|x64 = Debug|x64
		Debug|x86 = Debug|x86
		Release|x64 = Release|x64
		Release|x86 = Release|x86
	EndGlobalSection
	GlobalSection(ProjectConfigurationPlatforms) = postSolution
		{FE9D21F6-2D4B-4F47-98B8-BB3818E877BA}.Debug|x64.ActiveCfg = Debug|x64
		{FE9D21F6-2D4B-4F47-98B8-BB3818E877BA}.Debug|x64.Build.0 = Debug|x64
		{FE9D21F6-2D4B-4F47-98B8-BB3818E877BA}.Debug|x86.ActiveCfg = Debug|Win32
		{FE9D21F6-2D4B-4F47-98B8-BB3818E877BA}.Debug|x86.Build.0 = Debug|Win32
		{FE9D21F6-2D4B-4F47-98B8-BB3818E877BA}.Release|x64.ActiveCfg = Release|x64
		{FE9D21F6-2D4B-4F47-98B8-BB3818E877BA}.Release|x64.Build.0 = Release|x64
		{FE9D21F6-2D4B-4F47-98B8-BB3818E877BA}.Release|x86.ActiveCfg = Release|Win32
		{FE9D21F6-2D4B-4F47-98B8-BB3818E877BA}.Release|x86.Build.0 = Release|Win32
		{137413B3-FC93-4613-8731-4BBA82252891}.Debug|x64.ActiveCfg = Debug|x64
		{137413B3-FC93-4613-8731-4BBA82252891}.Debug|x64.Build.0 = Debug|x64
		{137413B3-FC93-4613-8731-4BBA82252891}.Debug|x86.ActiveCfg = Debug|x64
		{137413B3-FC93-4613-8731-4BBA82252891}.Release|x64.ActiveCfg = Release|x64
		{137413B3-FC93-4613-8731-4BBA82252891}.Release|x64.Build.0 = Release|x64
		{137413B3-FC93-4613-8731-4BBA82252891}.Release|x86.ActiveCfg = Release|x64
	EndGlobalSection
	GlobalSection(SolutionProperties) = preSolution
		HideSolutionNode = FALSE
	EndGlobalSection
	GlobalSection(ExtensibilityGlobals) = postSolution
		SolutionGuid = {3D1ED058-48A5-4ECB-B6CD-5B98F0EB55E3}
	EndGlobalSection
EndGlobal
